
Microsoft Visual Studio Solution File, Format Version 12.00
# Visual Studio Version 17
VisualStudioVersion = 17.2.32526.322
MinimumVisualStudioVersion = 10.0.40219.1
Project("{FAE04EC0-301F-11D3-BF4B-00C04F79EFBC}") = "DBFirst", "DBFirst.csproj", "{1A017B39-C3DE-4D3A-AE00-6EBD767314DE}"
EndProject
Global
	GlobalSection(SolutionConfigurationPlatforms) = preSolution
		Debug|Any CPU = Debug|Any CPU
		Release|Any CPU = Release|Any CPU
	EndGlobalSection
	GlobalSection(ProjectConfigurationPlatforms) = postSolution
		{1A017B39-C3DE-4D3A-AE00-6EBD767314DE}.Debug|Any CPU.ActiveCfg = Debug|Any CPU
		{1A017B39-C3DE-4D3A-AE00-6EBD767314DE}.Debug|Any CPU.Build.0 = Debug|Any CPU
		{1A017B39-C3DE-4D3A-AE00-6EBD767314DE}.Release|Any CPU.ActiveCfg = Release|Any CPU
		{1A017B39-C3DE-4D3A-AE00-6EBD767314DE}.Release|Any CPU.Build.0 = Release|Any CPU
	EndGlobalSection
	GlobalSection(SolutionProperties) = preSolution
		HideSolutionNode = FALSE
	EndGlobalSection
	GlobalSection(ExtensibilityGlobals) = postSolution
		SolutionGuid = {8DA96BF9-2A06-4E67-857B-B604135D0044}
	EndGlobalSection
EndGlobal
